
Microsoft Visual Studio Solution File, Format Version 12.00
# Visual Studio Version 17
VisualStudioVersion = 17.5.002.0
MinimumVisualStudioVersion = 10.0.40219.1
Project("{9A19103F-16F7-4668-BE54-9A1E7A4F7556}") = "git_course", "git_course.csproj", "{3D1C7391-880A-429E-8ABD-14FC76EE81D0}"
EndProject
Global
	GlobalSection(SolutionConfigurationPlatforms) = preSolution
		Debug|Any CPU = Debug|Any CPU
		Release|Any CPU = Release|Any CPU
	EndGlobalSection
	GlobalSection(ProjectConfigurationPlatforms) = postSolution
		{3D1C7391-880A-429E-8ABD-14FC76EE81D0}.Debug|Any CPU.ActiveCfg = Debug|Any CPU
		{3D1C7391-880A-429E-8ABD-14FC76EE81D0}.Debug|Any CPU.Build.0 = Debug|Any CPU
		{3D1C7391-880A-429E-8ABD-14FC76EE81D0}.Release|Any CPU.ActiveCfg = Release|Any CPU
		{3D1C7391-880A-429E-8ABD-14FC76EE81D0}.Release|Any CPU.Build.0 = Release|Any CPU
	EndGlobalSection
	GlobalSection(SolutionProperties) = preSolution
		HideSolutionNode = FALSE
	EndGlobalSection
	GlobalSection(ExtensibilityGlobals) = postSolution
		SolutionGuid = {1EA114F7-3948-4138-B0D5-64902F5E0B5F}
	EndGlobalSection
EndGlobal
